{
    "_meta": {
        "hash": {
            "sha256": "661383d69563120ea2f190454a07d3e249d52192e6aa4fe3c1f6b5b67d1c6b03"
        },
        "pipfile-spec": 6,
        "requires": {
            "python_version": "3.6"
        },
        "sources": [
            {
                "name": "pypi",
                "url": "https://pypi.python.org/simple",
                "verify_ssl": true
            }
        ]
    },
    "default": {
        "ascii-graph": {
            "hashes": [
                "sha256:413dfdcaaf3d3501588c27a6ce3319acfe922fb154f4c5e9984ce0352119ce28"
            ],
            "index": "pypi",
            "version": "==1.4.3"
        },
        "certifi": {
            "hashes": [
                "sha256:e4f3620cfea4f83eedc95b24abd9cd56f3c4b146dd0177e83a21b4eb49e21e50",
                "sha256:fd7c7c74727ddcf00e9acd26bba8da604ffec95bf1c2144e67aff7a8b50e6cef"
            ],
            "version": "==2019.9.11"
        },
        "chardet": {
            "hashes": [
                "sha256:84ab92ed1c4d4f16916e05906b6b75a6c0fb5db821cc65e70cbd64a3e2a5eaae",
                "sha256:fc323ffcaeaed0e0a02bf4d117757b98aed530d9ed4531e3e15460124c106691"
            ],
            "version": "==3.0.4"
        },
        "idna": {
            "hashes": [
                "sha256:156a6814fb5ac1fc6850fb002e0852d56c0c8d2531923a51032d1b70760e186e",
                "sha256:684a38a6f903c1d71d6d5fac066b58d7768af4de2b832e426ec79c30daa94a16"
            ],
            "version": "==2.7"
        },
        "numpy": {
            "hashes": [
                "sha256:1479b46b6040b5c689831496354c8859c456b152d37315673a0c18720b41223b",
                "sha256:194074058c22a4066e1b6a4ea432486ee468d24ab16f13630c1030409e6b8666",
                "sha256:24bbec9a199f938eab75de8390f410969bc33c218e5430fa1ae9401b00865255",
                "sha256:289ff717138cd9aa133adcbd3c3e284458b9c8230db4d42b39083a3407370317",
                "sha256:3de643935b212307b420248018323a44ec51987a336d1d747c1322afc3c099fb",
                "sha256:428cd3c0b197cf857671353d8c85833193921af9fafcc169a1f29c7185833d50",
                "sha256:4e13f1a848fde960dea33702770265837c72b796a6a3eaac7528cfe75ddefadd",
                "sha256:5c54fb98ecf42da59ed93736d1c071842482b18657eb16ba6e466bd873e1b923",
                "sha256:6112f152b76a28c450bbf665da11757078a724a90330112f5b7ea2d6b6cefd67",
                "sha256:75471acf298d455b035226cc609a92aee42c4bb6aa71def85f77fa2c2b646b61",
                "sha256:781d3197da49c421a07f250750de70a52c42af08ca02a2f7bdb571c0625ae7eb",
                "sha256:7880f412543e96548374a4bb1d75e4cdb8cad80f3a101ed0f8d0e0428f719c1c",
                "sha256:7c5276763646480143d5f3a6c2acb2885460c765051a1baf4d5070f63d05010f",
                "sha256:91101216d72749df63968d86611b549438fb18af2c63849c01f9a897516133c7",
                "sha256:93b26d6c06a22e64d56aaca32aaaffd27a4143db0ac2f21a048f0b571f2bfc55",
                "sha256:97507349abb7d1f6b76b877258defe8720833881dc7e7fd052bac90c88587387",
                "sha256:98b1ac79c160e36093d7914244e40ee1e7164223e795aa2c71dcce367554e646",
                "sha256:9ddf384ac3aacb72e122a8207775cc29727cbd9c531ee1a4b95754f24f42f7f3",
                "sha256:a476e437d73e5754aa66e1e75840d0163119c3911b7361f4cd06985212a3c3fb",
                "sha256:b2547f57d05ba59df4289493254f29f4c9082d255f1f97b7e286f40f453e33a1",
                "sha256:c5eccb4bf96dbb2436c61bb3c2658139e779679b6ae0d04c5e268e6608b58053",
                "sha256:eef6af1c752eef538a96018ef9bdf8e37bbf28aab50a1436501a4aa47a6467df",
                "sha256:ff8a4b2c3ac831964f529a2da506c28d002562b230261ae5c16885f5f53d2e75"
            ],
            "index": "pypi",
            "version": "==1.14.0"
        },
        "pandas": {
            "hashes": [
                "sha256:08a98b2ffd9214aea0999db7417102d1b2de45b64c4f50a5ed1a50c6c5c3b91b",
                "sha256:092514870e4bc7843cbba32327805b1305d26d3cfa700afba88bc33c6093b836",
                "sha256:1667478d6093a15a0564c9eeb03b5ac91de94a147a6b5ad2272674f029e60cf7",
                "sha256:169873bd846bcfbdb387ae4fc0c324c629edcf92d495e8c498c7fa6b72fc517b",
                "sha256:51fd63166e59ac43d350e7d14857ea4217844a61b20d4c9d089177fcf8614b75",
                "sha256:60b235fbd26177aff3ff16408e4a8e52e922e5534bdd9df9c501cf919fecd260",
                "sha256:6f0f4f598c2b16746803c8bafef7c721c57e4844da752d36240c0acf97658014",
                "sha256:7189ea59e672766da26c81581bd12b91c371c386381b345f28ff19bca69ae5c5",
                "sha256:873532a9a9afe614e7c42bfa0e72a0d97cce1c6f1e5e93f0340f139cf647aad2",
                "sha256:a1aa1fb8b487bda388681dbd1438fa49655bf3f3a2f3e53101d2f65053d1f519",
                "sha256:a85d07962701184def927d82f216624737ff9f752f00384d3a8397cf5b52e2f8",
                "sha256:aa256d6c93885bebb93b56bc230115c8c279b65dc94e0d67086f159ab91b1f12",
                "sha256:ace3dc64604cb291e7906f83c2f99c495afa13dfbdd51cf82d242004dbe84401",
                "sha256:b7bf54959ef3ee82f55b169e3c1d3ba1818f14e876946056e8b8275e99ea69b0",
                "sha256:e740ddc6cafc2d9ae5bb8ff122e0509b5b2249f19b5dd123b375c09380f12064",
                "sha256:ea20a1d1aea4344173e31b45ae26c8261288a201e7ab438f9f4f69e41341b58d",
                "sha256:f18c85f69025161b8528877b3501b2e5c3b8aa8d87a4a2357f4c08992b206d3a",
                "sha256:ffd33b6013e969d6af2b7dd9393770856153f0507afcab0d66e82730509de43e"
            ],
            "index": "pypi",
            "version": "==0.19.2"
        },
        "python-dateutil": {
            "hashes": [
                "sha256:7e6584c74aeed623791615e26efd690f29817a27c73085b78e4bad02493df2fb",
                "sha256:c89805f6f4d64db21ed966fda138f8a5ed7a4fdbc1a8ee329ce1b74e3c74da9e"
            ],
            "version": "==2.8.0"
        },
        "pytz": {
            "hashes": [
                "sha256:1c557d7d0e871de1f5ccd5833f60fb2550652da6be2693c1e02300743d21500d",
                "sha256:b02c06db6cf09c12dd25137e563b31700d3b80fcc4ad23abb7a315f2789819be"
            ],
            "version": "==2019.3"
        },
        "requests": {
            "hashes": [
                "sha256:99dcfdaaeb17caf6e526f32b6a7b780461512ab3f1d992187801694cba42770c",
                "sha256:a84b8c9ab6239b578f22d1c21d51b696dcfe004032bb80ea832398d6909d7279"
            ],
            "index": "pypi",
            "version": "==2.20.0"
        },
        "six": {
            "hashes": [
                "sha256:3350809f0555b11f552448330d0b52d5f24c91a322ea4a15ef22629740f3761c",
                "sha256:d16a0141ec1a18405cd4ce8b4613101da75da0e9a7aec5bdd4fa804d0e0eba73"
            ],
            "version": "==1.12.0"
        },
        "sqlalchemy": {
            "hashes": [
                "sha256:8b0ed90292a294e17d24482c9328abe69eb8e3143e2bd7103b6fadae2562638f"
            ],
            "index": "pypi",
            "version": "==1.1.3"
        },
        "tqdm": {
            "hashes": [
                "sha256:1690ef8d0e06366ad7c8767b9a6408f116a16ff3c0972e05d8c3ac1c2411f0bf",
                "sha256:5e4a088bf336436ce4616c4ddea7d619babb5c35ae4c6449e0d0b19bd1379a3b",
                "sha256:e1f17da0d9f8c808e0db6c7de525d108e76aab47ef1901c529e4d63f0338beb2"
            ],
            "index": "pypi",
            "version": "==4.10.0"
        },
        "urllib3": {
            "hashes": [
                "sha256:2393a695cd12afedd0dcb26fe5d50d0cf248e5a66f75dbd89a3d4eb333a61af4",
                "sha256:a637e5fae88995b256e3409dc4d52c2e2e0ba32c42a6365fee8bbd2238de3cfb"
            ],
            "version": "==1.24.3"
        }
    },
    "develop": {}
}
